hash: 0478972b76ae61b783c75a044909778fb88f68f89d6d2185d26d2c97f7d215d8
updated: 2017-04-16T16:56:04.814352212-07:00
imports:
- name: github.com/gorilla/context
  version: 1ea25387ff6f684839d82767c1733ff4d4d15d0a
- name: github.com/gorilla/mux
  version: 392c28fe23e1c45ddba891b0320b3b5df220beea
testImports: []
